# This file is generated by running "yarn install" inside your project.
# Manual changes might be lost - proceed with caution!

__metadata:
  version: 8
  cacheKey: 10c0

"@mitata/counters@npm:^0.0.8":
  version: 0.0.8
  resolution: "@mitata/counters@npm:0.0.8"
  checksum: 10c0/e167d8b50b00c84395df277b226820231e4733d425a516adde1300fe0a6c25786e34fe32dc86ca8c0f90a681ff06ab858995c41d7c59ab148c7d3866097a0885
  languageName: node
  linkType: hard

"ansi-regex@npm:^6.0.1":
  version: 6.1.0
  resolution: "ansi-regex@npm:6.1.0"
  checksum: 10c0/a91daeddd54746338478eef88af3439a7edf30f8e23196e2d6ed182da9add559c601266dbef01c2efa46a958ad6f1f8b176799657616c702b5b02e799e7fd8dc
  languageName: node
  linkType: hard

"emoji-regex@npm:^10.3.0":
  version: 10.4.0
  resolution: "emoji-regex@npm:10.4.0"
  checksum: 10c0/a3fcedfc58bfcce21a05a5f36a529d81e88d602100145fcca3dc6f795e3c8acc4fc18fe773fbf9b6d6e9371205edb3afa2668ec3473fa2aa7fd47d2a9d46482d
  languageName: node
  linkType: hard

"fast-string-truncated-width@npm:^1.2.0":
  version: 1.2.1
  resolution: "fast-string-truncated-width@npm:1.2.1"
  checksum: 10c0/21ee31b5d1f62c48ba875081c726d31e464dfce7591ec13651baa4269316f6e10d70efa08cc511bc2de681c47791065a12b5cab596ea81a4afa5745180f92a20
  languageName: node
  linkType: hard

"fast-string-width@npm:1.1.0":
  version: 1.1.0
  resolution: "fast-string-width@npm:1.1.0"
  dependencies:
    fast-string-truncated-width: "npm:^1.2.0"
  checksum: 10c0/7ed29610e8960fce477fde55a35f0687aeb14e844487dde6784409cdfe24aff4015c6eebcd872d00b76279325f9f707fdef9eae9aac9156a72cec1c9b38a2cab
  languageName: node
  linkType: hard

"get-east-asian-width@npm:^1.0.0":
  version: 1.3.0
  resolution: "get-east-asian-width@npm:1.3.0"
  checksum: 10c0/1a049ba697e0f9a4d5514c4623781c5246982bdb61082da6b5ae6c33d838e52ce6726407df285cdbb27ec1908b333cf2820989bd3e986e37bb20979437fdf34b
  languageName: node
  linkType: hard

"mitata@npm:^1.0.34":
  version: 1.0.34
  resolution: "mitata@npm:1.0.34"
  checksum: 10c0/a78a0dd18203e47f444915e64e900e9686d5b6c53c461105f79a6b4795983a2f1fa573ce6fea697ebb29c31ff31b2e7e4f0ce072e0611e0313ebef274a0a5811
  languageName: node
  linkType: hard

"rescript@npm:12.0.0-alpha.9":
  version: 12.0.0-alpha.9
  resolution: "rescript@npm:12.0.0-alpha.9"
  bin:
    bsc: cli/bsc
    bstracing: lib/bstracing
    rescript: cli/rescript
    rescript-tools: cli/rescript-tools
    rewatch: cli/rewatch
  checksum: 10c0/62bd2f0b0debbaf1cc549011ccafd34e6c1436efddbc029a9f01c5d3e3bcc27dc24fbb5f8a1646f0a71f7bcd89c1ca34190a86593bf02922cd1c5e9eac316120
  languageName: node
  linkType: hard

"string-width@npm:7.2.0":
  version: 7.2.0
  resolution: "string-width@npm:7.2.0"
  dependencies:
    emoji-regex: "npm:^10.3.0"
    get-east-asian-width: "npm:^1.0.0"
    strip-ansi: "npm:^7.1.0"
  checksum: 10c0/eb0430dd43f3199c7a46dcbf7a0b34539c76fe3aa62763d0b0655acdcbdf360b3f66f3d58ca25ba0205f42ea3491fa00f09426d3b7d3040e506878fc7664c9b9
  languageName: node
  linkType: hard

"strip-ansi@npm:^7.1.0":
  version: 7.1.0
  resolution: "strip-ansi@npm:7.1.0"
  dependencies:
    ansi-regex: "npm:^6.0.1"
  checksum: 10c0/a198c3762e8832505328cbf9e8c8381de14a4fa50a4f9b2160138158ea88c0f5549fb50cb13c651c3088f47e63a108b34622ec18c0499b6c8c3a5ddf6b305ac4
  languageName: node
  linkType: hard

"unicode-segmenter@npm:^0.12.0":
  version: 0.12.0
  resolution: "unicode-segmenter@npm:0.12.0"
  checksum: 10c0/efd33bd1854ed6d2c7ff3f668afd63359bf08be6a1afa9b81ebdcdc72ebb429a46b14ec121f06759e51498ba088a2d80fe44bd0a5373d542dc0be1bbafdd4b35
  languageName: node
  linkType: hard

"unicode-string-width@workspace:.":
  version: 0.0.0-use.local
  resolution: "unicode-string-width@workspace:."
  dependencies:
    "@mitata/counters": "npm:^0.0.8"
    fast-string-width: "npm:1.1.0"
    mitata: "npm:^1.0.34"
    rescript: "npm:12.0.0-alpha.9"
    string-width: "npm:7.2.0"
    unicode-segmenter: "npm:^0.12.0"
  languageName: unknown
  linkType: soft
